
Microsoft Visual Studio Solution File, Format Version 12.00
# Visual Studio 15
VisualStudioVersion = 15.0.28307.271
MinimumVisualStudioVersion = 10.0.40219.1
Project("{FAE04EC0-301F-11D3-BF4B-00C04F79EFBC}") = "arrayFruitEnums", "arrayFruitEnums\arrayFruitEnums.csproj", "{BEA902A6-338B-4B10-BF91-2E6754911205}"
EndProject
Global
	GlobalSection(SolutionConfigurationPlatforms) = preSolution
		Debug|Any CPU = Debug|Any CPU
		Release|Any CPU = Release|Any CPU
	EndGlobalSection
	GlobalSection(ProjectConfigurationPlatforms) = postSolution
		{BEA902A6-338B-4B10-BF91-2E6754911205}.Debug|Any CPU.ActiveCfg = Debug|Any CPU
		{BEA902A6-338B-4B10-BF91-2E6754911205}.Debug|Any CPU.Build.0 = Debug|Any CPU
		{BEA902A6-338B-4B10-BF91-2E6754911205}.Release|Any CPU.ActiveCfg = Release|Any CPU
		{BEA902A6-338B-4B10-BF91-2E6754911205}.Release|Any CPU.Build.0 = Release|Any CPU
	EndGlobalSection
	GlobalSection(SolutionProperties) = preSolution
		HideSolutionNode = FALSE
	EndGlobalSection
	GlobalSection(ExtensibilityGlobals) = postSolution
		SolutionGuid = {D5736BED-5155-4A01-9B80-D3D3A3182C27}
	EndGlobalSection
EndGlobal
